
Microsoft Visual Studio Solution File, Format Version 12.00
# Visual Studio Version 17
VisualStudioVersion = 17.9.34728.123
MinimumVisualStudioVersion = 10.0.40219.1
Project("{FAE04EC0-301F-11D3-BF4B-00C04F79EFBC}") = "EcommerceApiGatewayCMS", "EcommerceApiGatewayCMS\EcommerceApiGatewayCMS.csproj", "{92699521-668D-4E61-B2AB-88B9AD2F5499}"
EndProject
Global
	GlobalSection(SolutionConfigurationPlatforms) = preSolution
		Debug|Any CPU = Debug|Any CPU
		Release|Any CPU = Release|Any CPU
	EndGlobalSection
	GlobalSection(ProjectConfigurationPlatforms) = postSolution
		{92699521-668D-4E61-B2AB-88B9AD2F5499}.Debug|Any CPU.ActiveCfg = Debug|Any CPU
		{92699521-668D-4E61-B2AB-88B9AD2F5499}.Debug|Any CPU.Build.0 = Debug|Any CPU
		{92699521-668D-4E61-B2AB-88B9AD2F5499}.Release|Any CPU.ActiveCfg = Release|Any CPU
		{92699521-668D-4E61-B2AB-88B9AD2F5499}.Release|Any CPU.Build.0 = Release|Any CPU
	EndGlobalSection
	GlobalSection(SolutionProperties) = preSolution
		HideSolutionNode = FALSE
	EndGlobalSection
	GlobalSection(ExtensibilityGlobals) = postSolution
		SolutionGuid = {B287A055-CC51-4EEC-AE62-5E0D332F1113}
	EndGlobalSection
EndGlobal
